// !$*UTF8*$!
{
	archiveVersion = 1;
	classes = {
	};
	objectVersion = 50;
	objects = {

/* Begin PBXBuildFile section */
		EB3EF11826FF2CE3007B880D /* KYdocumentApp.swift in Sources */ = {isa = PBXBuildFile; fileRef = EB3EF11726FF2CE3007B880D /* KYdocumentApp.swift */; };
		EB3EF11A26FF2CE3007B880D /* ContentView.swift in Sources */ = {isa = PBXBuildFile; fileRef = EB3EF11926FF2CE3007B880D /* ContentView.swift */; };
		EB3EF11C26FF2CE4007B880D /* Assets.xcassets in Resources */ = {isa = PBXBuildFile; fileRef = EB3EF11B26FF2CE4007B880D /* Assets.xcassets */; };
		EB3EF11F26FF2CE4007B880D /* Preview Assets.xcassets in Resources */ = {isa = PBXBuildFile; fileRef = EB3EF11E26FF2CE4007B880D /* Preview Assets.xcassets */; };
		EB3EF12726FF2D5F007B880D /* NameView.swift in Sources */ = {isa = PBXBuildFile; fileRef = EB3EF12626FF2D5F007B880D /* NameView.swift */; };
		EB3EF12926FF2DA2007B880D /* inputView.swift in Sources */ = {isa = PBXBuildFile; fileRef = EB3EF12826FF2DA2007B880D /* inputView.swift */; };
		EB3EF13126FF3193007B880D /* SagyoView.swift in Sources */ = {isa = PBXBuildFile; fileRef = EB3EF13026FF3193007B880D /* SagyoView.swift */; };
		EB3EF13326FF31C4007B880D /* KikenView.swift in Sources */ = {isa = PBXBuildFile; fileRef = EB3EF13226FF31C4007B880D /* KikenView.swift */; };
		EB3EF13526FF31DD007B880D /* AnzenView.swift in Sources */ = {isa = PBXBuildFile; fileRef = EB3EF13426FF31DD007B880D /* AnzenView.swift */; };
		EB3EF13726FF343B007B880D /* Data.swift in Sources */ = {isa = PBXBuildFile; fileRef = EB3EF13626FF343B007B880D /* Data.swift */; };
/* End PBXBuildFile section */

/* Begin PBXFileReference section */
		EB3EF11426FF2CE3007B880D /* KYdocument.app */ = {isa = PBXFileReference; explicitFileType = wrapper.application; includeInIndex = 0; path = KYdocument.app; sourceTree = BUILT_PRODUCTS_DIR; };
		EB3EF11726FF2CE3007B880D /* KYdocumentApp.swift */ = {isa = PBXFileReference; lastKnownFileType = sourcecode.swift; path = KYdocumentApp.swift; sourceTree = "<group>"; };
		EB3EF11926FF2CE3007B880D /* ContentView.swift */ = {isa = PBXFileReference; lastKnownFileType = sourcecode.swift; path = ContentView.swift; sourceTree = "<group>"; };
		EB3EF11B26FF2CE4007B880D /* Assets.xcassets */ = {isa = PBXFileReference; lastKnownFileType = folder.assetcatalog; path = Assets.xcassets; sourceTree = "<group>"; };
		EB3EF11E26FF2CE4007B880D /* Preview Assets.xcassets */ = {isa = PBXFileReference; lastKnownFileType = folder.assetcatalog; path = "Preview Assets.xcassets"; sourceTree = "<group>"; };
		EB3EF12026FF2CE4007B880D /* Info.plist */ = {isa = PBXFileReference; lastKnownFileType = text.plist.xml; path = Info.plist; sourceTree = "<group>"; };
		EB3EF12626FF2D5F007B880D /* NameView.swift */ = {isa = PBXFileReference; lastKnownFileType = sourcecode.swift; path = NameView.swift; sourceTree = "<group>"; };
		EB3EF12826FF2DA2007B880D /* inputView.swift */ = {isa = PBXFileReference; lastKnownFileType = sourcecode.swift; path = inputView.swift; sourceTree = "<group>"; };
		EB3EF13026FF3193007B880D /* SagyoView.swift */ = {isa = PBXFileReference; lastKnownFileType = sourcecode.swift; path = SagyoView.swift; sourceTree = "<group>"; };
		EB3EF13226FF31C4007B880D /* KikenView.swift */ = {isa = PBXFileReference; lastKnownFileType = sourcecode.swift; path = KikenView.swift; sourceTree = "<group>"; };
		EB3EF13426FF31DD007B880D /* AnzenView.swift */ = {isa = PBXFileReference; lastKnownFileType = sourcecode.swift; path = AnzenView.swift; sourceTree = "<group>"; };
		EB3EF13626FF343B007B880D /* Data.swift */ = {isa = PBXFileReference; fileEncoding = 4; lastKnownFileType = sourcecode.swift; path = Data.swift; sourceTree = "<group>"; };
/* End PBXFileReference section */

/* Begin PBXFrameworksBuildPhase section */
		EB3EF11126FF2CE3007B880D /* Frameworks */ = {
			isa = PBXFrameworksBuildPhase;
			buildActionMask = 2147483647;
			files = (
			);
			runOnlyForDeploymentPostprocessing = 0;
		};
/* End PBXFrameworksBuildPhase section */

/* Begin PBXGroup section */
		EB3EF10B26FF2CE3007B880D = {
			isa = PBXGroup;
			children = (
				EB3EF11626FF2CE3007B880D /* KYdocument */,
				EB3EF11526FF2CE3007B880D /* Products */,
			);
			sourceTree = "<group>";
		};
		EB3EF11526FF2CE3007B880D /* Products */ = {
			isa = PBXGroup;
			children = (
				EB3EF11426FF2CE3007B880D /* KYdocument.app */,
			);
			name = Products;
			sourceTree = "<group>";
		};
		EB3EF11626FF2CE3007B880D /* KYdocument */ = {
			isa = PBXGroup;
			children = (
				EB3EF11726FF2CE3007B880D /* KYdocumentApp.swift */,
				EB3EF11926FF2CE3007B880D /* ContentView.swift */,
				EB3EF12826FF2DA2007B880D /* inputView.swift */,
				EB3EF12626FF2D5F007B880D /* NameView.swift */,
				EB3EF13026FF3193007B880D /* SagyoView.swift */,
				EB3EF13226FF31C4007B880D /* KikenView.swift */,
				EB3EF13426FF31DD007B880D /* AnzenView.swift */,
				EB3EF13626FF343B007B880D /* Data.swift */,
				EB3EF11B26FF2CE4007B880D /* Assets.xcassets */,
				EB3EF12026FF2CE4007B880D /* Info.plist */,
				EB3EF11D26FF2CE4007B880D /* Preview Content */,
			);
			path = KYdocument;
			sourceTree = "<group>";
		};
		EB3EF11D26FF2CE4007B880D /* Preview Content */ = {
			isa = PBXGroup;
			children = (
				EB3EF11E26FF2CE4007B880D /* Preview Assets.xcassets */,
			);
			path = "Preview Content";
			sourceTree = "<group>";
		};
/* End PBXGroup section */

/* Begin PBXNativeTarget section */
		EB3EF11326FF2CE3007B880D /* KYdocument */ = {
			isa = PBXNativeTarget;
			buildConfigurationList = EB3EF12326FF2CE4007B880D /* Build configuration list for PBXNativeTarget "KYdocument" */;
			buildPhases = (
				EB3EF11026FF2CE3007B880D /* Sources */,
				EB3EF11126FF2CE3007B880D /* Frameworks */,
				EB3EF11226FF2CE3007B880D /* Resources */,
			);
			buildRules = (
			);
			dependencies = (
			);
			name = KYdocument;
			productName = KYdocument;
			productReference = EB3EF11426FF2CE3007B880D /* KYdocument.app */;
			productType = "com.apple.product-type.application";
		};
/* End PBXNativeTarget section */

/* Begin PBXProject section */
		EB3EF10C26FF2CE3007B880D /* Project object */ = {
			isa = PBXProject;
			attributes = {
				LastSwiftUpdateCheck = 1250;
				LastUpgradeCheck = 1250;
				TargetAttributes = {
					EB3EF11326FF2CE3007B880D = {
						CreatedOnToolsVersion = 12.5;
					};
				};
			};
			buildConfigurationList = EB3EF10F26FF2CE3007B880D /* Build configuration list for PBXProject "KYdocument" */;
			compatibilityVersion = "Xcode 9.3";
			developmentRegion = en;
			hasScannedForEncodings = 0;
			knownRegions = (
				en,
				Base,
			);
			mainGroup = EB3EF10B26FF2CE3007B880D;
			productRefGroup = EB3EF11526FF2CE3007B880D /* Products */;
			projectDirPath = "";
			projectRoot = "";
			targets = (
				EB3EF11326FF2CE3007B880D /* KYdocument */,
			);
		};
/* End PBXProject section */

/* Begin PBXResourcesBuildPhase section */
		EB3EF11226FF2CE3007B880D /* Resources */ = {
			isa = PBXResourcesBuildPhase;
			buildActionMask = 2147483647;
			files = (
				EB3EF11F26FF2CE4007B880D /* Preview Assets.xcassets in Resources */,
				EB3EF11C26FF2CE4007B880D /* Assets.xcassets in Resources */,
			);
			runOnlyForDeploymentPostprocessing = 0;
		};
/* End PBXResourcesBuildPhase section */

/* Begin PBXSourcesBuildPhase section */
		EB3EF11026FF2CE3007B880D /* Sources */ = {
			isa = PBXSourcesBuildPhase;
			buildActionMask = 2147483647;
			files = (
				EB3EF11A26FF2CE3007B880D /* ContentView.swift in Sources */,
				EB3EF13326FF31C4007B880D /* KikenView.swift in Sources */,
				EB3EF12926FF2DA2007B880D /* inputView.swift in Sources */,
				EB3EF11826FF2CE3007B880D /* KYdocumentApp.swift in Sources */,
				EB3EF13526FF31DD007B880D /* AnzenView.swift in Sources */,
				EB3EF13126FF3193007B880D /* SagyoView.swift in Sources */,
				EB3EF12726FF2D5F007B880D /* NameView.swift in Sources */,
				EB3EF13726FF343B007B880D /* Data.swift in Sources */,
			);
			runOnlyForDeploymentPostprocessing = 0;
		};
/* End PBXSourcesBuildPhase section */

/* Begin XCBuildConfiguration section */
		EB3EF12126FF2CE4007B880D /* Debug */ = {
			isa = XCBuildConfiguration;
			buildSettings = {
				ALWAYS_SEARCH_USER_PATHS = NO;
				CLANG_ANALYZER_NONNULL = YES;
				CLANG_ANALYZER_NUMBER_OBJECT_CONVERSION = YES_AGGRESSIVE;
				CLANG_CXX_LANGUAGE_STANDARD = "gnu++14";
				CLANG_CXX_LIBRARY = "libc++";
				CLANG_ENABLE_MODULES = YES;
				CLANG_ENABLE_OBJC_ARC = YES;
				CLANG_ENABLE_OBJC_WEAK = YES;
				CLANG_WARN_BLOCK_CAPTURE_AUTORELEASING = YES;
				CLANG_WARN_BOOL_CONVERSION = YES;
				CLANG_WARN_COMMA = YES;
				CLANG_WARN_CONSTANT_CONVERSION = YES;
				CLANG_WARN_DEPRECATED_OBJC_IMPLEMENTATIONS = YES;
				CLANG_WARN_DIRECT_OBJC_ISA_USAGE = YES_ERROR;
				CLANG_WARN_DOCUMENTATION_COMMENTS = YES;
				CLANG_WARN_EMPTY_BODY = YES;
				CLANG_WARN_ENUM_CONVERSION = YES;
				CLANG_WARN_INFINITE_RECURSION = YES;
				CLANG_WARN_INT_CONVERSION = YES;
				CLANG_WARN_NON_LITERAL_NULL_CONVERSION = YES;
				CLANG_WARN_OBJC_IMPLICIT_RETAIN_SELF = YES;
				CLANG_WARN_OBJC_LITERAL_CONVERSION = YES;
				CLANG_WARN_OBJC_ROOT_CLASS = YES_ERROR;
				CLANG_WARN_QUOTED_INCLUDE_IN_FRAMEWORK_HEADER = YES;
				CLANG_WARN_RANGE_LOOP_ANALYSIS = YES;
				CLANG_WARN_STRICT_PROTOTYPES = YES;
				CLANG_WARN_SUSPICIOUS_MOVE = YES;
				CLANG_WARN_UNGUARDED_AVAILABILITY = YES_AGGRESSIVE;
				CLANG_WARN_UNREACHABLE_CODE = YES;
				CLANG_WARN__DUPLICATE_METHOD_MATCH = YES;
				COPY_PHASE_STRIP = NO;
				DEBUG_INFORMATION_FORMAT = dwarf;
				ENABLE_STRICT_OBJC_MSGSEND = YES;
				ENABLE_TESTABILITY = YES;
				GCC_C_LANGUAGE_STANDARD = gnu11;
				GCC_DYNAMIC_NO_PIC = NO;
				GCC_NO_COMMON_BLOCKS = YES;
				GCC_OPTIMIZATION_LEVEL = 0;
				GCC_PREPROCESSOR_DEFINITIONS = (
					"DEBUG=1",
					"$(inherited)",
				);
				GCC_WARN_64_TO_32_BIT_CONVERSION = YES;
				GCC_WARN_ABOUT_RETURN_TYPE = YES_ERROR;
				GCC_WARN_UNDECLARED_SELECTOR = YES;
				GCC_WARN_UNINITIALIZED_AUTOS = YES_AGGRESSIVE;
				GCC_WARN_UNUSED_FUNCTION = YES;
				GCC_WARN_UNUSED_VARIABLE = YES;
				IPHONEOS_DEPLOYMENT_TARGET = 14.5;
				MTL_ENABLE_DEBUG_INFO = INCLUDE_SOURCE;
				MTL_FAST_MATH = YES;
				ONLY_ACTIVE_ARCH = YES;
				SDKROOT = iphoneos;
				SWIFT_ACTIVE_COMPILATION_CONDITIONS = DEBUG;
				SWIFT_OPTIMIZATION_LEVEL = "-Onone";
			};
			name = Debug;
		};
		EB3EF12226FF2CE4007B880D /* Release */ = {
			isa = XCBuildConfiguration;
			buildSettings = {
				ALWAYS_SEARCH_USER_PATHS = NO;
				CLANG_ANALYZER_NONNULL = YES;
				CLANG_ANALYZER_NUMBER_OBJECT_CONVERSION = YES_AGGRESSIVE;
				CLANG_CXX_LANGUAGE_STANDARD = "gnu++14";
				CLANG_CXX_LIBRARY = "libc++";
				CLANG_ENABLE_MODULES = YES;
				CLANG_ENABLE_OBJC_ARC = YES;
				CLANG_ENABLE_OBJC_WEAK = YES;
				CLANG_WARN_BLOCK_CAPTURE_AUTORELEASING = YES;
				CLANG_WARN_BOOL_CONVERSION = YES;
				CLANG_WARN_COMMA = YES;
				CLANG_WARN_CONSTANT_CONVERSION = YES;
				CLANG_WARN_DEPRECATED_OBJC_IMPLEMENTATIONS = YES;
				CLANG_WARN_DIRECT_OBJC_ISA_USAGE = YES_ERROR;
				CLANG_WARN_DOCUMENTATION_COMMENTS = YES;
				CLANG_WARN_EMPTY_BODY = YES;
				CLANG_WARN_ENUM_CONVERSION = YES;
				CLANG_WARN_INFINITE_RECURSION = YES;
				CLANG_WARN_INT_CONVERSION = YES;
				CLANG_WARN_NON_LITERAL_NULL_CONVERSION = YES;
				CLANG_WARN_OBJC_IMPLICIT_RETAIN_SELF = YES;
				CLANG_WARN_OBJC_LITERAL_CONVERSION = YES;
				CLANG_WARN_OBJC_ROOT_CLASS = YES_ERROR;
				CLANG_WARN_QUOTED_INCLUDE_IN_FRAMEWORK_HEADER = YES;
				CLANG_WARN_RANGE_LOOP_ANALYSIS = YES;
				CLANG_WARN_STRICT_PROTOTYPES = YES;
				CLANG_WARN_SUSPICIOUS_MOVE = YES;
				CLANG_WARN_UNGUARDED_AVAILABILITY = YES_AGGRESSIVE;
				CLANG_WARN_UNREACHABLE_CODE = YES;
				CLANG_WARN__DUPLICATE_METHOD_MATCH = YES;
				COPY_PHASE_STRIP = NO;
				DEBUG_INFORMATION_FORMAT = "dwarf-with-dsym";
				ENABLE_NS_ASSERTIONS = NO;
				ENABLE_STRICT_OBJC_MSGSEND = YES;
				GCC_C_LANGUAGE_STANDARD = gnu11;
				GCC_NO_COMMON_BLOCKS = YES;
				GCC_WARN_64_TO_32_BIT_CONVERSION = YES;
				GCC_WARN_ABOUT_RETURN_TYPE = YES_ERROR;
				GCC_WARN_UNDECLARED_SELECTOR = YES;
				GCC_WARN_UNINITIALIZED_AUTOS = YES_AGGRESSIVE;
				GCC_WARN_UNUSED_FUNCTION = YES;
				GCC_WARN_UNUSED_VARIABLE = YES;
				IPHONEOS_DEPLOYMENT_TARGET = 14.5;
				MTL_ENABLE_DEBUG_INFO = NO;
				MTL_FAST_MATH = YES;
				SDKROOT = iphoneos;
				SWIFT_COMPILATION_MODE = wholemodule;
				SWIFT_OPTIMIZATION_LEVEL = "-O";
				VALIDATE_PRODUCT = YES;
			};
			name = Release;
		};
		EB3EF12426FF2CE4007B880D /* Debug */ = {
			isa = XCBuildConfiguration;
			buildSettings = {
				ASSETCATALOG_COMPILER_APPICON_NAME = AppIcon;
				ASSETCATALOG_COMPILER_GLOBAL_ACCENT_COLOR_NAME = AccentColor;
				CODE_SIGN_STYLE = Automatic;
				DEVELOPMENT_ASSET_PATHS = "\"KYdocument/Preview Content\"";
				DEVELOPMENT_TEAM = EYSYK49KTW;
				ENABLE_PREVIEWS = YES;
				INFOPLIST_FILE = KYdocument/Info.plist;
				IPHONEOS_DEPLOYMENT_TARGET = 14.0;
				LD_RUNPATH_SEARCH_PATHS = (
					"$(inherited)",
					"@executable_path/Frameworks",
				);
				PRODUCT_BUNDLE_IDENTIFIER = jp.iOSX.tkki.KYdocument;
				PRODUCT_NAME = "$(TARGET_NAME)";
				SWIFT_VERSION = 5.0;
				TARGETED_DEVICE_FAMILY = "1,2";
			};
			name = Debug;
		};
		EB3EF12526FF2CE4007B880D /* Release */ = {
			isa = XCBuildConfiguration;
			buildSettings = {
				ASSETCATALOG_COMPILER_APPICON_NAME = AppIcon;
				ASSETCATALOG_COMPILER_GLOBAL_ACCENT_COLOR_NAME = AccentColor;
				CODE_SIGN_STYLE = Automatic;
				DEVELOPMENT_ASSET_PATHS = "\"KYdocument/Preview Content\"";
				DEVELOPMENT_TEAM = EYSYK49KTW;
				ENABLE_PREVIEWS = YES;
				INFOPLIST_FILE = KYdocument/Info.plist;
				IPHONEOS_DEPLOYMENT_TARGET = 14.0;
				LD_RUNPATH_SEARCH_PATHS = (
					"$(inherited)",
					"@executable_path/Frameworks",
				);
				PRODUCT_BUNDLE_IDENTIFIER = jp.iOSX.tkki.KYdocument;
				PRODUCT_NAME = "$(TARGET_NAME)";
				SWIFT_VERSION = 5.0;
				TARGETED_DEVICE_FAMILY = "1,2";
			};
			name = Release;
		};
/* End XCBuildConfiguration section */

/* Begin XCConfigurationList section */
		EB3EF10F26FF2CE3007B880D /* Build configuration list for PBXProject "KYdocument" */ = {
			isa = XCConfigurationList;
			buildConfigurations = (
				EB3EF12126FF2CE4007B880D /* Debug */,
				EB3EF12226FF2CE4007B880D /* Release */,
			);
			defaultConfigurationIsVisible = 0;
			defaultConfigurationName = Release;
		};
		EB3EF12326FF2CE4007B880D /* Build configuration list for PBXNativeTarget "KYdocument" */ = {
			isa = XCConfigurationList;
			buildConfigurations = (
				EB3EF12426FF2CE4007B880D /* Debug */,
				EB3EF12526FF2CE4007B880D /* Release */,
			);
			defaultConfigurationIsVisible = 0;
			defaultConfigurationName = Release;
		};
/* End XCConfigurationList section */
	};
	rootObject = EB3EF10C26FF2CE3007B880D /* Project object */;
}
